
Microsoft Visual Studio Solution File, Format Version 12.00
Project("{FAE04EC0-301F-11D3-BF4B-00C04F79EFBC}") = "StartKulibin", "StartKulibin\StartKulibin.csproj", "{63090FC1-F664-4C4F-971D-B5358AA47466}"
EndProject
Global
	GlobalSection(SolutionConfigurationPlatforms) = preSolution
		Debug|Any CPU = Debug|Any CPU
		Release|Any CPU = Release|Any CPU
	EndGlobalSection
	GlobalSection(ProjectConfigurationPlatforms) = postSolution
		{63090FC1-F664-4C4F-971D-B5358AA47466}.Debug|Any CPU.ActiveCfg = Debug|Any CPU
		{63090FC1-F664-4C4F-971D-B5358AA47466}.Debug|Any CPU.Build.0 = Debug|Any CPU
		{63090FC1-F664-4C4F-971D-B5358AA47466}.Release|Any CPU.ActiveCfg = Release|Any CPU
		{63090FC1-F664-4C4F-971D-B5358AA47466}.Release|Any CPU.Build.0 = Release|Any CPU
	EndGlobalSection
EndGlobal
